// !$*UTF8*$!
{
	archiveVersion = 1;
	classes = {
	};
	objectVersion = 50;
	objects = {

/* Begin PBXBuildFile section */
		522CA4D626174960008BAE7B /* AppDelegate.swift in Sources */ = {isa = PBXBuildFile; fileRef = 522CA4D526174960008BAE7B /* AppDelegate.swift */; };
		522CA4D826174960008BAE7B /* SceneDelegate.swift in Sources */ = {isa = PBXBuildFile; fileRef = 522CA4D726174960008BAE7B /* SceneDelegate.swift */; };
		522CA4DF26174962008BAE7B /* Assets.xcassets in Resources */ = {isa = PBXBuildFile; fileRef = 522CA4DE26174962008BAE7B /* Assets.xcassets */; };
		522CA4E226174962008BAE7B /* LaunchScreen.storyboard in Resources */ = {isa = PBXBuildFile; fileRef = 522CA4E026174962008BAE7B /* LaunchScreen.storyboard */; };
		522CA4EA2617528D008BAE7B /* LoginViewController.swift in Sources */ = {isa = PBXBuildFile; fileRef = 522CA4E92617528D008BAE7B /* LoginViewController.swift */; };
		522CA4EC26177FFF008BAE7B /* zadace in Resources */ = {isa = PBXBuildFile; fileRef = 522CA4EB26177FFE008BAE7B /* zadace */; };
		522CA4EE2617851D008BAE7B /* DataServiceProtocol.swift in Sources */ = {isa = PBXBuildFile; fileRef = 522CA4ED2617851D008BAE7B /* DataServiceProtocol.swift */; };
		522CA4F1261785CD008BAE7B /* LoginStatus.swift in Sources */ = {isa = PBXBuildFile; fileRef = 522CA4F0261785CD008BAE7B /* LoginStatus.swift */; };
		522CA4F326178604008BAE7B /* Quiz.swift in Sources */ = {isa = PBXBuildFile; fileRef = 522CA4F226178604008BAE7B /* Quiz.swift */; };
		522CA4F526178660008BAE7B /* Question.swift in Sources */ = {isa = PBXBuildFile; fileRef = 522CA4F426178660008BAE7B /* Question.swift */; };
		522CA4F7261786A8008BAE7B /* QuizCategory.swift in Sources */ = {isa = PBXBuildFile; fileRef = 522CA4F6261786A8008BAE7B /* QuizCategory.swift */; };
		522CA4F92617874E008BAE7B /* DataService.swift in Sources */ = {isa = PBXBuildFile; fileRef = 522CA4F82617874E008BAE7B /* DataService.swift */; };
		5243C0C12618746300194D35 /* QuizzesViewController.swift in Sources */ = {isa = PBXBuildFile; fileRef = 5243C0C02618746300194D35 /* QuizzesViewController.swift */; };
/* End PBXBuildFile section */

/* Begin PBXFileReference section */
		51F5B9844C7C7EDE09A8B67A /* Pods-QuizApp.release.xcconfig */ = {isa = PBXFileReference; includeInIndex = 1; lastKnownFileType = text.xcconfig; name = "Pods-QuizApp.release.xcconfig"; path = "Target Support Files/Pods-QuizApp/Pods-QuizApp.release.xcconfig"; sourceTree = "<group>"; };
		522CA4D226174960008BAE7B /* QuizApp.app */ = {isa = PBXFileReference; explicitFileType = wrapper.application; includeInIndex = 0; path = QuizApp.app; sourceTree = BUILT_PRODUCTS_DIR; };
		522CA4D526174960008BAE7B /* AppDelegate.swift */ = {isa = PBXFileReference; lastKnownFileType = sourcecode.swift; path = AppDelegate.swift; sourceTree = "<group>"; };
		522CA4D726174960008BAE7B /* SceneDelegate.swift */ = {isa = PBXFileReference; lastKnownFileType = sourcecode.swift; path = SceneDelegate.swift; sourceTree = "<group>"; };
		522CA4DE26174962008BAE7B /* Assets.xcassets */ = {isa = PBXFileReference; lastKnownFileType = folder.assetcatalog; path = Assets.xcassets; sourceTree = "<group>"; };
		522CA4E126174962008BAE7B /* Base */ = {isa = PBXFileReference; lastKnownFileType = file.storyboard; name = Base; path = Base.lproj/LaunchScreen.storyboard; sourceTree = "<group>"; };
		522CA4E326174962008BAE7B /* Info.plist */ = {isa = PBXFileReference; lastKnownFileType = text.plist.xml; path = Info.plist; sourceTree = "<group>"; };
		522CA4E92617528D008BAE7B /* LoginViewController.swift */ = {isa = PBXFileReference; lastKnownFileType = sourcecode.swift; path = LoginViewController.swift; sourceTree = "<group>"; };
		522CA4EB26177FFE008BAE7B /* zadace */ = {isa = PBXFileReference; lastKnownFileType = folder; name = zadace; path = ../..; sourceTree = "<group>"; };
		522CA4ED2617851D008BAE7B /* DataServiceProtocol.swift */ = {isa = PBXFileReference; lastKnownFileType = sourcecode.swift; path = DataServiceProtocol.swift; sourceTree = "<group>"; };
		522CA4F0261785CD008BAE7B /* LoginStatus.swift */ = {isa = PBXFileReference; lastKnownFileType = sourcecode.swift; name = LoginStatus.swift; path = QuizApp/LoginStatus.swift; sourceTree = SOURCE_ROOT; };
		522CA4F226178604008BAE7B /* Quiz.swift */ = {isa = PBXFileReference; lastKnownFileType = sourcecode.swift; name = Quiz.swift; path = QuizApp/Quiz.swift; sourceTree = SOURCE_ROOT; };
		522CA4F426178660008BAE7B /* Question.swift */ = {isa = PBXFileReference; lastKnownFileType = sourcecode.swift; name = Question.swift; path = QuizApp/Question.swift; sourceTree = SOURCE_ROOT; };
		522CA4F6261786A8008BAE7B /* QuizCategory.swift */ = {isa = PBXFileReference; lastKnownFileType = sourcecode.swift; name = QuizCategory.swift; path = QuizApp/QuizCategory.swift; sourceTree = SOURCE_ROOT; };
		522CA4F82617874E008BAE7B /* DataService.swift */ = {isa = PBXFileReference; lastKnownFileType = sourcecode.swift; path = DataService.swift; sourceTree = "<group>"; };
		5243C0C02618746300194D35 /* QuizzesViewController.swift */ = {isa = PBXFileReference; lastKnownFileType = sourcecode.swift; path = QuizzesViewController.swift; sourceTree = "<group>"; };
		BEF5C387EE323CF29BD97309 /* Pods-QuizApp.debug.xcconfig */ = {isa = PBXFileReference; includeInIndex = 1; lastKnownFileType = text.xcconfig; name = "Pods-QuizApp.debug.xcconfig"; path = "Target Support Files/Pods-QuizApp/Pods-QuizApp.debug.xcconfig"; sourceTree = "<group>"; };
/* End PBXFileReference section */

/* Begin PBXFrameworksBuildPhase section */
		522CA4CF26174960008BAE7B /* Frameworks */ = {
			isa = PBXFrameworksBuildPhase;
			buildActionMask = 2147483647;
			files = (
			);
			runOnlyForDeploymentPostprocessing = 0;
		};
/* End PBXFrameworksBuildPhase section */

/* Begin PBXGroup section */
		33B7B04B8DC5DB0510AB8898 /* Frameworks */ = {
			isa = PBXGroup;
			children = (
			);
			name = Frameworks;
			sourceTree = "<group>";
		};
		522CA4C926174960008BAE7B = {
			isa = PBXGroup;
			children = (
				522CA4D426174960008BAE7B /* QuizApp */,
				522CA4D326174960008BAE7B /* Products */,
				565DAAEACC28AA51FC137DBB /* Pods */,
				33B7B04B8DC5DB0510AB8898 /* Frameworks */,
			);
			sourceTree = "<group>";
		};
		522CA4D326174960008BAE7B /* Products */ = {
			isa = PBXGroup;
			children = (
				522CA4D226174960008BAE7B /* QuizApp.app */,
			);
			name = Products;
			sourceTree = "<group>";
		};
		522CA4D426174960008BAE7B /* QuizApp */ = {
			isa = PBXGroup;
			children = (
				522CA4EF26178578008BAE7B /* model */,
				522CA4EB26177FFE008BAE7B /* zadace */,
				522CA4D526174960008BAE7B /* AppDelegate.swift */,
				522CA4D726174960008BAE7B /* SceneDelegate.swift */,
				522CA4DE26174962008BAE7B /* Assets.xcassets */,
				522CA4E026174962008BAE7B /* LaunchScreen.storyboard */,
				522CA4E326174962008BAE7B /* Info.plist */,
				522CA4E92617528D008BAE7B /* LoginViewController.swift */,
				522CA4ED2617851D008BAE7B /* DataServiceProtocol.swift */,
				522CA4F82617874E008BAE7B /* DataService.swift */,
				5243C0C02618746300194D35 /* QuizzesViewController.swift */,
			);
			path = QuizApp;
			sourceTree = "<group>";
		};
		522CA4EF26178578008BAE7B /* model */ = {
			isa = PBXGroup;
			children = (
				522CA4F0261785CD008BAE7B /* LoginStatus.swift */,
				522CA4F226178604008BAE7B /* Quiz.swift */,
				522CA4F426178660008BAE7B /* Question.swift */,
				522CA4F6261786A8008BAE7B /* QuizCategory.swift */,
			);
			path = model;
			sourceTree = "<group>";
		};
		565DAAEACC28AA51FC137DBB /* Pods */ = {
			isa = PBXGroup;
			children = (
				BEF5C387EE323CF29BD97309 /* Pods-QuizApp.debug.xcconfig */,
				51F5B9844C7C7EDE09A8B67A /* Pods-QuizApp.release.xcconfig */,
			);
			path = Pods;
			sourceTree = "<group>";
		};
/* End PBXGroup section */

/* Begin PBXNativeTarget section */
		522CA4D126174960008BAE7B /* QuizApp */ = {
			isa = PBXNativeTarget;
			buildConfigurationList = 522CA4E626174962008BAE7B /* Build configuration list for PBXNativeTarget "QuizApp" */;
			buildPhases = (
				976119ABBAB633B2F34BCDAC /* [CP] Check Pods Manifest.lock */,
				522CA4CE26174960008BAE7B /* Sources */,
				522CA4CF26174960008BAE7B /* Frameworks */,
				522CA4D026174960008BAE7B /* Resources */,
			);
			buildRules = (
			);
			dependencies = (
			);
			name = QuizApp;
			productName = QuizApp;
			productReference = 522CA4D226174960008BAE7B /* QuizApp.app */;
			productType = "com.apple.product-type.application";
		};
/* End PBXNativeTarget section */

/* Begin PBXProject section */
		522CA4CA26174960008BAE7B /* Project object */ = {
			isa = PBXProject;
			attributes = {
				LastSwiftUpdateCheck = 1110;
				LastUpgradeCheck = 1110;
				ORGANIZATIONNAME = five;
				TargetAttributes = {
					522CA4D126174960008BAE7B = {
						CreatedOnToolsVersion = 11.1;
					};
				};
			};
			buildConfigurationList = 522CA4CD26174960008BAE7B /* Build configuration list for PBXProject "QuizApp" */;
			compatibilityVersion = "Xcode 9.3";
			developmentRegion = en;
			hasScannedForEncodings = 0;
			knownRegions = (
				en,
				Base,
			);
			mainGroup = 522CA4C926174960008BAE7B;
			productRefGroup = 522CA4D326174960008BAE7B /* Products */;
			projectDirPath = "";
			projectRoot = "";
			targets = (
				522CA4D126174960008BAE7B /* QuizApp */,
			);
		};
/* End PBXProject section */

/* Begin PBXResourcesBuildPhase section */
		522CA4D026174960008BAE7B /* Resources */ = {
			isa = PBXResourcesBuildPhase;
			buildActionMask = 2147483647;
			files = (
				522CA4E226174962008BAE7B /* LaunchScreen.storyboard in Resources */,
				522CA4DF26174962008BAE7B /* Assets.xcassets in Resources */,
				522CA4EC26177FFF008BAE7B /* zadace in Resources */,
			);
			runOnlyForDeploymentPostprocessing = 0;
		};
/* End PBXResourcesBuildPhase section */

/* Begin PBXShellScriptBuildPhase section */
		976119ABBAB633B2F34BCDAC /* [CP] Check Pods Manifest.lock */ = {
			isa = PBXShellScriptBuildPhase;
			buildActionMask = 2147483647;
			files = (
			);
			inputFileListPaths = (
			);
			inputPaths = (
				"${PODS_PODFILE_DIR_PATH}/Podfile.lock",
				"${PODS_ROOT}/Manifest.lock",
			);
			name = "[CP] Check Pods Manifest.lock";
			outputFileListPaths = (
			);
			outputPaths = (
				"$(DERIVED_FILE_DIR)/Pods-QuizApp-checkManifestLockResult.txt",
			);
			runOnlyForDeploymentPostprocessing = 0;
			shellPath = /bin/sh;
			shellScript = "diff \"${PODS_PODFILE_DIR_PATH}/Podfile.lock\" \"${PODS_ROOT}/Manifest.lock\" > /dev/null\nif [ $? != 0 ] ; then\n    # print error to STDERR\n    echo \"error: The sandbox is not in sync with the Podfile.lock. Run 'pod install' or update your CocoaPods installation.\" >&2\n    exit 1\nfi\n# This output is used by Xcode 'outputs' to avoid re-running this script phase.\necho \"SUCCESS\" > \"${SCRIPT_OUTPUT_FILE_0}\"\n";
			showEnvVarsInLog = 0;
		};
/* End PBXShellScriptBuildPhase section */

/* Begin PBXSourcesBuildPhase section */
		522CA4CE26174960008BAE7B /* Sources */ = {
			isa = PBXSourcesBuildPhase;
			buildActionMask = 2147483647;
			files = (
				522CA4F92617874E008BAE7B /* DataService.swift in Sources */,
				522CA4EA2617528D008BAE7B /* LoginViewController.swift in Sources */,
				522CA4F1261785CD008BAE7B /* LoginStatus.swift in Sources */,
				522CA4F326178604008BAE7B /* Quiz.swift in Sources */,
				5243C0C12618746300194D35 /* QuizzesViewController.swift in Sources */,
				522CA4EE2617851D008BAE7B /* DataServiceProtocol.swift in Sources */,
				522CA4F7261786A8008BAE7B /* QuizCategory.swift in Sources */,
				522CA4D626174960008BAE7B /* AppDelegate.swift in Sources */,
				522CA4F526178660008BAE7B /* Question.swift in Sources */,
				522CA4D826174960008BAE7B /* SceneDelegate.swift in Sources */,
			);
			runOnlyForDeploymentPostprocessing = 0;
		};
/* End PBXSourcesBuildPhase section */

/* Begin PBXVariantGroup section */
		522CA4E026174962008BAE7B /* LaunchScreen.storyboard */ = {
			isa = PBXVariantGroup;
			children = (
				522CA4E126174962008BAE7B /* Base */,
			);
			name = LaunchScreen.storyboard;
			sourceTree = "<group>";
		};
/* End PBXVariantGroup section */

/* Begin XCBuildConfiguration section */
		522CA4E426174962008BAE7B /* Debug */ = {
			isa = XCBuildConfiguration;
			buildSettings = {
				ALWAYS_SEARCH_USER_PATHS = NO;
				CLANG_ANALYZER_NONNULL = YES;
				CLANG_ANALYZER_NUMBER_OBJECT_CONVERSION = YES_AGGRESSIVE;
				CLANG_CXX_LANGUAGE_STANDARD = "gnu++14";
				CLANG_CXX_LIBRARY = "libc++";
				CLANG_ENABLE_MODULES = YES;
				CLANG_ENABLE_OBJC_ARC = YES;
				CLANG_ENABLE_OBJC_WEAK = YES;
				CLANG_WARN_BLOCK_CAPTURE_AUTORELEASING = YES;
				CLANG_WARN_BOOL_CONVERSION = YES;
				CLANG_WARN_COMMA = YES;
				CLANG_WARN_CONSTANT_CONVERSION = YES;
				CLANG_WARN_DEPRECATED_OBJC_IMPLEMENTATIONS = YES;
				CLANG_WARN_DIRECT_OBJC_ISA_USAGE = YES_ERROR;
				CLANG_WARN_DOCUMENTATION_COMMENTS = YES;
				CLANG_WARN_EMPTY_BODY = YES;
				CLANG_WARN_ENUM_CONVERSION = YES;
				CLANG_WARN_INFINITE_RECURSION = YES;
				CLANG_WARN_INT_CONVERSION = YES;
				CLANG_WARN_NON_LITERAL_NULL_CONVERSION = YES;
				CLANG_WARN_OBJC_IMPLICIT_RETAIN_SELF = YES;
				CLANG_WARN_OBJC_LITERAL_CONVERSION = YES;
				CLANG_WARN_OBJC_ROOT_CLASS = YES_ERROR;
				CLANG_WARN_RANGE_LOOP_ANALYSIS = YES;
				CLANG_WARN_STRICT_PROTOTYPES = YES;
				CLANG_WARN_SUSPICIOUS_MOVE = YES;
				CLANG_WARN_UNGUARDED_AVAILABILITY = YES_AGGRESSIVE;
				CLANG_WARN_UNREACHABLE_CODE = YES;
				CLANG_WARN__DUPLICATE_METHOD_MATCH = YES;
				COPY_PHASE_STRIP = NO;
				DEBUG_INFORMATION_FORMAT = dwarf;
				ENABLE_STRICT_OBJC_MSGSEND = YES;
				ENABLE_TESTABILITY = YES;
				GCC_C_LANGUAGE_STANDARD = gnu11;
				GCC_DYNAMIC_NO_PIC = NO;
				GCC_NO_COMMON_BLOCKS = YES;
				GCC_OPTIMIZATION_LEVEL = 0;
				GCC_PREPROCESSOR_DEFINITIONS = (
					"DEBUG=1",
					"$(inherited)",
				);
				GCC_WARN_64_TO_32_BIT_CONVERSION = YES;
				GCC_WARN_ABOUT_RETURN_TYPE = YES_ERROR;
				GCC_WARN_UNDECLARED_SELECTOR = YES;
				GCC_WARN_UNINITIALIZED_AUTOS = YES_AGGRESSIVE;
				GCC_WARN_UNUSED_FUNCTION = YES;
				GCC_WARN_UNUSED_VARIABLE = YES;
				IPHONEOS_DEPLOYMENT_TARGET = 13.1;
				MTL_ENABLE_DEBUG_INFO = INCLUDE_SOURCE;
				MTL_FAST_MATH = YES;
				ONLY_ACTIVE_ARCH = YES;
				SDKROOT = iphoneos;
				SWIFT_ACTIVE_COMPILATION_CONDITIONS = DEBUG;
				SWIFT_OPTIMIZATION_LEVEL = "-Onone";
			};
			name = Debug;
		};
		522CA4E526174962008BAE7B /* Release */ = {
			isa = XCBuildConfiguration;
			buildSettings = {
				ALWAYS_SEARCH_USER_PATHS = NO;
				CLANG_ANALYZER_NONNULL = YES;
				CLANG_ANALYZER_NUMBER_OBJECT_CONVERSION = YES_AGGRESSIVE;
				CLANG_CXX_LANGUAGE_STANDARD = "gnu++14";
				CLANG_CXX_LIBRARY = "libc++";
				CLANG_ENABLE_MODULES = YES;
				CLANG_ENABLE_OBJC_ARC = YES;
				CLANG_ENABLE_OBJC_WEAK = YES;
				CLANG_WARN_BLOCK_CAPTURE_AUTORELEASING = YES;
				CLANG_WARN_BOOL_CONVERSION = YES;
				CLANG_WARN_COMMA = YES;
				CLANG_WARN_CONSTANT_CONVERSION = YES;
				CLANG_WARN_DEPRECATED_OBJC_IMPLEMENTATIONS = YES;
				CLANG_WARN_DIRECT_OBJC_ISA_USAGE = YES_ERROR;
				CLANG_WARN_DOCUMENTATION_COMMENTS = YES;
				CLANG_WARN_EMPTY_BODY = YES;
				CLANG_WARN_ENUM_CONVERSION = YES;
				CLANG_WARN_INFINITE_RECURSION = YES;
				CLANG_WARN_INT_CONVERSION = YES;
				CLANG_WARN_NON_LITERAL_NULL_CONVERSION = YES;
				CLANG_WARN_OBJC_IMPLICIT_RETAIN_SELF = YES;
				CLANG_WARN_OBJC_LITERAL_CONVERSION = YES;
				CLANG_WARN_OBJC_ROOT_CLASS = YES_ERROR;
				CLANG_WARN_RANGE_LOOP_ANALYSIS = YES;
				CLANG_WARN_STRICT_PROTOTYPES = YES;
				CLANG_WARN_SUSPICIOUS_MOVE = YES;
				CLANG_WARN_UNGUARDED_AVAILABILITY = YES_AGGRESSIVE;
				CLANG_WARN_UNREACHABLE_CODE = YES;
				CLANG_WARN__DUPLICATE_METHOD_MATCH = YES;
				COPY_PHASE_STRIP = NO;
				DEBUG_INFORMATION_FORMAT = "dwarf-with-dsym";
				ENABLE_NS_ASSERTIONS = NO;
				ENABLE_STRICT_OBJC_MSGSEND = YES;
				GCC_C_LANGUAGE_STANDARD = gnu11;
				GCC_NO_COMMON_BLOCKS = YES;
				GCC_WARN_64_TO_32_BIT_CONVERSION = YES;
				GCC_WARN_ABOUT_RETURN_TYPE = YES_ERROR;
				GCC_WARN_UNDECLARED_SELECTOR = YES;
				GCC_WARN_UNINITIALIZED_AUTOS = YES_AGGRESSIVE;
				GCC_WARN_UNUSED_FUNCTION = YES;
				GCC_WARN_UNUSED_VARIABLE = YES;
				IPHONEOS_DEPLOYMENT_TARGET = 13.1;
				MTL_ENABLE_DEBUG_INFO = NO;
				MTL_FAST_MATH = YES;
				SDKROOT = iphoneos;
				SWIFT_COMPILATION_MODE = wholemodule;
				SWIFT_OPTIMIZATION_LEVEL = "-O";
				VALIDATE_PRODUCT = YES;
			};
			name = Release;
		};
		522CA4E726174962008BAE7B /* Debug */ = {
			isa = XCBuildConfiguration;
			baseConfigurationReference = BEF5C387EE323CF29BD97309 /* Pods-QuizApp.debug.xcconfig */;
			buildSettings = {
				ASSETCATALOG_COMPILER_APPICON_NAME = AppIcon;
				CODE_SIGN_STYLE = Automatic;
				INFOPLIST_FILE = QuizApp/Info.plist;
				LD_RUNPATH_SEARCH_PATHS = (
					"$(inherited)",
					"@executable_path/Frameworks",
				);
				PRODUCT_BUNDLE_IDENTIFIER = hr.fer.macuka.mihael.QuizApp;
				PRODUCT_NAME = "$(TARGET_NAME)";
				SWIFT_VERSION = 5.0;
				TARGETED_DEVICE_FAMILY = "1,2";
			};
			name = Debug;
		};
		522CA4E826174962008BAE7B /* Release */ = {
			isa = XCBuildConfiguration;
			baseConfigurationReference = 51F5B9844C7C7EDE09A8B67A /* Pods-QuizApp.release.xcconfig */;
			buildSettings = {
				ASSETCATALOG_COMPILER_APPICON_NAME = AppIcon;
				CODE_SIGN_STYLE = Automatic;
				INFOPLIST_FILE = QuizApp/Info.plist;
				LD_RUNPATH_SEARCH_PATHS = (
					"$(inherited)",
					"@executable_path/Frameworks",
				);
				PRODUCT_BUNDLE_IDENTIFIER = hr.fer.macuka.mihael.QuizApp;
				PRODUCT_NAME = "$(TARGET_NAME)";
				SWIFT_VERSION = 5.0;
				TARGETED_DEVICE_FAMILY = "1,2";
			};
			name = Release;
		};
/* End XCBuildConfiguration section */

/* Begin XCConfigurationList section */
		522CA4CD26174960008BAE7B /* Build configuration list for PBXProject "QuizApp" */ = {
			isa = XCConfigurationList;
			buildConfigurations = (
				522CA4E426174962008BAE7B /* Debug */,
				522CA4E526174962008BAE7B /* Release */,
			);
			defaultConfigurationIsVisible = 0;
			defaultConfigurationName = Release;
		};
		522CA4E626174962008BAE7B /* Build configuration list for PBXNativeTarget "QuizApp" */ = {
			isa = XCConfigurationList;
			buildConfigurations = (
				522CA4E726174962008BAE7B /* Debug */,
				522CA4E826174962008BAE7B /* Release */,
			);
			defaultConfigurationIsVisible = 0;
			defaultConfigurationName = Release;
		};
/* End XCConfigurationList section */
	};
	rootObject = 522CA4CA26174960008BAE7B /* Project object */;
}
