// !$*UTF8*$!
{
	archiveVersion = 1;
	classes = {
	};
	objectVersion = 50;
	objects = {

/* Begin PBXBuildFile section */
		41C5E738C7FED807FFFDD825 /* Pods_QuizApp.framework in Frameworks */ = {isa = PBXBuildFile; fileRef = F5F9604FD4C92EE7C7F68015 /* Pods_QuizApp.framework */; };
		520317F72639E6950012EBAB /* AppRouterProtocol.swift in Sources */ = {isa = PBXBuildFile; fileRef = 520317F62639E6950012EBAB /* AppRouterProtocol.swift */; };
		520317F92639E75C0012EBAB /* AppRouter.swift in Sources */ = {isa = PBXBuildFile; fileRef = 520317F82639E75C0012EBAB /* AppRouter.swift */; };
		520BFF5226529AF7007E9627 /* QuizRepository.swift in Sources */ = {isa = PBXBuildFile; fileRef = 520BFF5126529AF7007E9627 /* QuizRepository.swift */; };
		520BFF5526529B35007E9627 /* QuizDatabaseDataSource.swift in Sources */ = {isa = PBXBuildFile; fileRef = 520BFF5426529B35007E9627 /* QuizDatabaseDataSource.swift */; };
		520BFF5726529B4C007E9627 /* QuizNetworkDataSource.swift in Sources */ = {isa = PBXBuildFile; fileRef = 520BFF5626529B4C007E9627 /* QuizNetworkDataSource.swift */; };
		520BFF5926529C43007E9627 /* SearchQuizViewController.swift in Sources */ = {isa = PBXBuildFile; fileRef = 520BFF5826529C43007E9627 /* SearchQuizViewController.swift */; };
		520BFF5C26529E9E007E9627 /* Quiz.swift in Sources */ = {isa = PBXBuildFile; fileRef = 520BFF5A26529E9E007E9627 /* Quiz.swift */; };
		520BFF5D26529E9E007E9627 /* QuizCategory.swift in Sources */ = {isa = PBXBuildFile; fileRef = 520BFF5B26529E9E007E9627 /* QuizCategory.swift */; };
		520BFF5F26529ED0007E9627 /* Question.swift in Sources */ = {isa = PBXBuildFile; fileRef = 520BFF5E26529ED0007E9627 /* Question.swift */; };
		520BFF6226529F8B007E9627 /* SearchBarView.swift in Sources */ = {isa = PBXBuildFile; fileRef = 520BFF6126529F8B007E9627 /* SearchBarView.swift */; };
		521142CC2635A9D3007ADF40 /* QuestionTrackerView.swift in Sources */ = {isa = PBXBuildFile; fileRef = 521142CB2635A9D3007ADF40 /* QuestionTrackerView.swift */; };
		521142CE2635CD2E007ADF40 /* QuizQuestionResponse.swift in Sources */ = {isa = PBXBuildFile; fileRef = 521142CD2635CD2E007ADF40 /* QuizQuestionResponse.swift */; };
		5219969926273241008478DA /* NoQuizLoadedComponent.swift in Sources */ = {isa = PBXBuildFile; fileRef = 5219969826273241008478DA /* NoQuizLoadedComponent.swift */; };
		5219969B26273B83008478DA /* FunFactLabel.swift in Sources */ = {isa = PBXBuildFile; fileRef = 5219969A26273B83008478DA /* FunFactLabel.swift */; };
		5219969D26274892008478DA /* QuizCollection.swift in Sources */ = {isa = PBXBuildFile; fileRef = 5219969C26274892008478DA /* QuizCollection.swift */; };
		522CA4D626174960008BAE7B /* AppDelegate.swift in Sources */ = {isa = PBXBuildFile; fileRef = 522CA4D526174960008BAE7B /* AppDelegate.swift */; };
		522CA4D826174960008BAE7B /* SceneDelegate.swift in Sources */ = {isa = PBXBuildFile; fileRef = 522CA4D726174960008BAE7B /* SceneDelegate.swift */; };
		522CA4DF26174962008BAE7B /* Assets.xcassets in Resources */ = {isa = PBXBuildFile; fileRef = 522CA4DE26174962008BAE7B /* Assets.xcassets */; };
		522CA4E226174962008BAE7B /* LaunchScreen.storyboard in Resources */ = {isa = PBXBuildFile; fileRef = 522CA4E026174962008BAE7B /* LaunchScreen.storyboard */; };
		522CA4EA2617528D008BAE7B /* LoginViewController.swift in Sources */ = {isa = PBXBuildFile; fileRef = 522CA4E92617528D008BAE7B /* LoginViewController.swift */; };
		522CA4EC26177FFF008BAE7B /* zadace in Resources */ = {isa = PBXBuildFile; fileRef = 522CA4EB26177FFE008BAE7B /* zadace */; };
		5243C0C12618746300194D35 /* QuizzesViewController.swift in Sources */ = {isa = PBXBuildFile; fileRef = 5243C0C02618746300194D35 /* QuizzesViewController.swift */; };
		5243C0C92618DD7E00194D35 /* QuizTableCell.swift in Sources */ = {isa = PBXBuildFile; fileRef = 5243C0C82618DD7E00194D35 /* QuizTableCell.swift */; };
		5256ADD9261B5BED006DE011 /* PasswordField.swift in Sources */ = {isa = PBXBuildFile; fileRef = 5256ADD8261B5BED006DE011 /* PasswordField.swift */; };
		525B380E264980FF00D63530 /* NoInternetConnectionView.swift in Sources */ = {isa = PBXBuildFile; fileRef = 525B380D264980FF00D63530 /* NoInternetConnectionView.swift */; };
		525B381526498E5A00D63530 /* NetworkManager.swift in Sources */ = {isa = PBXBuildFile; fileRef = 525B381426498E5A00D63530 /* NetworkManager.swift */; };
		525B381A26499D6600D63530 /* LeaderboardViewController.swift in Sources */ = {isa = PBXBuildFile; fileRef = 525B381926499D6500D63530 /* LeaderboardViewController.swift */; };
		525B381C2649A20A00D63530 /* LeaderboardResult.swift in Sources */ = {isa = PBXBuildFile; fileRef = 525B381B2649A20A00D63530 /* LeaderboardResult.swift */; };
		525B38202649A58100D63530 /* NetworkServiceProtocol.swift in Sources */ = {isa = PBXBuildFile; fileRef = 525B381F2649A58100D63530 /* NetworkServiceProtocol.swift */; };
		528D6CB0262A24A600078921 /* QuizViewController.swift in Sources */ = {isa = PBXBuildFile; fileRef = 528D6CAF262A24A500078921 /* QuizViewController.swift */; };
		5291008F264EDCCD00E632F9 /* QuizPresenter.swift in Sources */ = {isa = PBXBuildFile; fileRef = 5291008E264EDCCD00E632F9 /* QuizPresenter.swift */; };
		52910091264EDD0E00E632F9 /* QuizViewDelegate.swift in Sources */ = {isa = PBXBuildFile; fileRef = 52910090264EDD0E00E632F9 /* QuizViewDelegate.swift */; };
		52910095264EECEF00E632F9 /* QuizResultPresenter.swift in Sources */ = {isa = PBXBuildFile; fileRef = 52910094264EECEF00E632F9 /* QuizResultPresenter.swift */; };
		529C1ACD262B67790068F41F /* QuizQuestion.swift in Sources */ = {isa = PBXBuildFile; fileRef = 529C1ACC262B67790068F41F /* QuizQuestion.swift */; };
		529E1EDB262C320F00EBDAB3 /* AnswerButton.swift in Sources */ = {isa = PBXBuildFile; fileRef = 529E1EDA262C320F00EBDAB3 /* AnswerButton.swift */; };
		529E1EDD262C3C5F00EBDAB3 /* QuizResultViewController.swift in Sources */ = {isa = PBXBuildFile; fileRef = 529E1EDC262C3C5F00EBDAB3 /* QuizResultViewController.swift */; };
		52B41053261F8DAC0013422E /* QuizLoadingErrorComponent.swift in Sources */ = {isa = PBXBuildFile; fileRef = 52B41052261F8DAC0013422E /* QuizLoadingErrorComponent.swift */; };
		52BCA46A262F65770005134C /* SettingsViewController.swift in Sources */ = {isa = PBXBuildFile; fileRef = 52BCA469262F65770005134C /* SettingsViewController.swift */; };
		52BCA46E262F708B0005134C /* TabBarController.swift in Sources */ = {isa = PBXBuildFile; fileRef = 52BCA46D262F708B0005134C /* TabBarController.swift */; };
		52C6FBF0264C0FC0007D84B3 /* QuizResult.swift in Sources */ = {isa = PBXBuildFile; fileRef = 52C6FBEF264C0FC0007D84B3 /* QuizResult.swift */; };
		52C6FBF3264C135E007D84B3 /* Result.swift in Sources */ = {isa = PBXBuildFile; fileRef = 52C6FBF2264C135E007D84B3 /* Result.swift */; };
		52C6FBF5264C13EB007D84B3 /* RequestError.swift in Sources */ = {isa = PBXBuildFile; fileRef = 52C6FBF4264C13EB007D84B3 /* RequestError.swift */; };
		52C6FBFA264C303C007D84B3 /* QuizzesDto.swift in Sources */ = {isa = PBXBuildFile; fileRef = 52C6FBF9264C303C007D84B3 /* QuizzesDto.swift */; };
		52DFCC14264E6303005801AA /* ResponseCodeError.swift in Sources */ = {isa = PBXBuildFile; fileRef = 52DFCC13264E6303005801AA /* ResponseCodeError.swift */; };
		52DFCC18264E69C0005801AA /* LoginPresenter.swift in Sources */ = {isa = PBXBuildFile; fileRef = 52DFCC17264E69C0005801AA /* LoginPresenter.swift */; };
		52DFCC1A264E6B3F005801AA /* LoginViewDelegate.swift in Sources */ = {isa = PBXBuildFile; fileRef = 52DFCC19264E6B3F005801AA /* LoginViewDelegate.swift */; };
		52DFCC1D264E7492005801AA /* QuizzesViewDelegate.swift in Sources */ = {isa = PBXBuildFile; fileRef = 52DFCC1C264E7492005801AA /* QuizzesViewDelegate.swift */; };
		52DFCC1F264E7517005801AA /* QuizzesPresenter.swift in Sources */ = {isa = PBXBuildFile; fileRef = 52DFCC1E264E7517005801AA /* QuizzesPresenter.swift */; };
		52EB6A5B2630705800A3C189 /* CustomSectionHeader.swift in Sources */ = {isa = PBXBuildFile; fileRef = 52EB6A5A2630705800A3C189 /* CustomSectionHeader.swift */; };
		52F6C7F22621C53B0003AFA1 /* LevelRating.swift in Sources */ = {isa = PBXBuildFile; fileRef = 52F6C7F12621C53B0003AFA1 /* LevelRating.swift */; };
/* End PBXBuildFile section */

/* Begin PBXFileReference section */
		51F5B9844C7C7EDE09A8B67A /* Pods-QuizApp.release.xcconfig */ = {isa = PBXFileReference; includeInIndex = 1; lastKnownFileType = text.xcconfig; name = "Pods-QuizApp.release.xcconfig"; path = "Target Support Files/Pods-QuizApp/Pods-QuizApp.release.xcconfig"; sourceTree = "<group>"; };
		520317F62639E6950012EBAB /* AppRouterProtocol.swift */ = {isa = PBXFileReference; lastKnownFileType = sourcecode.swift; path = AppRouterProtocol.swift; sourceTree = "<group>"; };
		520317F82639E75C0012EBAB /* AppRouter.swift */ = {isa = PBXFileReference; lastKnownFileType = sourcecode.swift; path = AppRouter.swift; sourceTree = "<group>"; };
		520BFF5126529AF7007E9627 /* QuizRepository.swift */ = {isa = PBXFileReference; lastKnownFileType = sourcecode.swift; path = QuizRepository.swift; sourceTree = "<group>"; };
		520BFF5426529B35007E9627 /* QuizDatabaseDataSource.swift */ = {isa = PBXFileReference; lastKnownFileType = sourcecode.swift; path = QuizDatabaseDataSource.swift; sourceTree = "<group>"; };
		520BFF5626529B4C007E9627 /* QuizNetworkDataSource.swift */ = {isa = PBXFileReference; lastKnownFileType = sourcecode.swift; path = QuizNetworkDataSource.swift; sourceTree = "<group>"; };
		520BFF5826529C43007E9627 /* SearchQuizViewController.swift */ = {isa = PBXFileReference; lastKnownFileType = sourcecode.swift; path = SearchQuizViewController.swift; sourceTree = "<group>"; };
		520BFF5A26529E9E007E9627 /* Quiz.swift */ = {isa = PBXFileReference; lastKnownFileType = sourcecode.swift; path = Quiz.swift; sourceTree = "<group>"; };
		520BFF5B26529E9E007E9627 /* QuizCategory.swift */ = {isa = PBXFileReference; lastKnownFileType = sourcecode.swift; path = QuizCategory.swift; sourceTree = "<group>"; };
		520BFF5E26529ED0007E9627 /* Question.swift */ = {isa = PBXFileReference; lastKnownFileType = sourcecode.swift; path = Question.swift; sourceTree = "<group>"; };
		520BFF6126529F8B007E9627 /* SearchBarView.swift */ = {isa = PBXFileReference; lastKnownFileType = sourcecode.swift; path = SearchBarView.swift; sourceTree = "<group>"; };
		521142CB2635A9D3007ADF40 /* QuestionTrackerView.swift */ = {isa = PBXFileReference; lastKnownFileType = sourcecode.swift; path = QuestionTrackerView.swift; sourceTree = "<group>"; };
		521142CD2635CD2E007ADF40 /* QuizQuestionResponse.swift */ = {isa = PBXFileReference; lastKnownFileType = sourcecode.swift; path = QuizQuestionResponse.swift; sourceTree = "<group>"; };
		5219969826273241008478DA /* NoQuizLoadedComponent.swift */ = {isa = PBXFileReference; lastKnownFileType = sourcecode.swift; path = NoQuizLoadedComponent.swift; sourceTree = "<group>"; };
		5219969A26273B83008478DA /* FunFactLabel.swift */ = {isa = PBXFileReference; lastKnownFileType = sourcecode.swift; path = FunFactLabel.swift; sourceTree = "<group>"; };
		5219969C26274892008478DA /* QuizCollection.swift */ = {isa = PBXFileReference; lastKnownFileType = sourcecode.swift; path = QuizCollection.swift; sourceTree = "<group>"; };
		522CA4D226174960008BAE7B /* QuizApp.app */ = {isa = PBXFileReference; explicitFileType = wrapper.application; includeInIndex = 0; path = QuizApp.app; sourceTree = BUILT_PRODUCTS_DIR; };
		522CA4D526174960008BAE7B /* AppDelegate.swift */ = {isa = PBXFileReference; lastKnownFileType = sourcecode.swift; path = AppDelegate.swift; sourceTree = "<group>"; };
		522CA4D726174960008BAE7B /* SceneDelegate.swift */ = {isa = PBXFileReference; lastKnownFileType = sourcecode.swift; path = SceneDelegate.swift; sourceTree = "<group>"; };
		522CA4DE26174962008BAE7B /* Assets.xcassets */ = {isa = PBXFileReference; lastKnownFileType = folder.assetcatalog; path = Assets.xcassets; sourceTree = "<group>"; };
		522CA4E126174962008BAE7B /* Base */ = {isa = PBXFileReference; lastKnownFileType = file.storyboard; name = Base; path = Base.lproj/LaunchScreen.storyboard; sourceTree = "<group>"; };
		522CA4E326174962008BAE7B /* Info.plist */ = {isa = PBXFileReference; lastKnownFileType = text.plist.xml; path = Info.plist; sourceTree = "<group>"; };
		522CA4E92617528D008BAE7B /* LoginViewController.swift */ = {isa = PBXFileReference; lastKnownFileType = sourcecode.swift; path = LoginViewController.swift; sourceTree = "<group>"; };
		522CA4EB26177FFE008BAE7B /* zadace */ = {isa = PBXFileReference; lastKnownFileType = folder; name = zadace; path = ../..; sourceTree = "<group>"; };
		522CA4F0261785CD008BAE7B /* LoginStatus.swift */ = {isa = PBXFileReference; lastKnownFileType = sourcecode.swift; name = LoginStatus.swift; path = QuizApp/LoginStatus.swift; sourceTree = SOURCE_ROOT; };
		522CA4F226178604008BAE7B /* Quiz.swift */ = {isa = PBXFileReference; lastKnownFileType = sourcecode.swift; name = Quiz.swift; path = QuizApp/Quiz.swift; sourceTree = SOURCE_ROOT; };
		522CA4F426178660008BAE7B /* Question.swift */ = {isa = PBXFileReference; lastKnownFileType = sourcecode.swift; name = Question.swift; path = QuizApp/Question.swift; sourceTree = SOURCE_ROOT; };
		522CA4F6261786A8008BAE7B /* QuizCategory.swift */ = {isa = PBXFileReference; lastKnownFileType = sourcecode.swift; name = QuizCategory.swift; path = QuizApp/QuizCategory.swift; sourceTree = SOURCE_ROOT; };
		5243C0C02618746300194D35 /* QuizzesViewController.swift */ = {isa = PBXFileReference; lastKnownFileType = sourcecode.swift; path = QuizzesViewController.swift; sourceTree = "<group>"; };
		5243C0C82618DD7E00194D35 /* QuizTableCell.swift */ = {isa = PBXFileReference; lastKnownFileType = sourcecode.swift; path = QuizTableCell.swift; sourceTree = "<group>"; };
		5256ADD8261B5BED006DE011 /* PasswordField.swift */ = {isa = PBXFileReference; lastKnownFileType = sourcecode.swift; path = PasswordField.swift; sourceTree = "<group>"; };
		525B380D264980FF00D63530 /* NoInternetConnectionView.swift */ = {isa = PBXFileReference; lastKnownFileType = sourcecode.swift; path = NoInternetConnectionView.swift; sourceTree = "<group>"; };
		525B381426498E5A00D63530 /* NetworkManager.swift */ = {isa = PBXFileReference; lastKnownFileType = sourcecode.swift; path = NetworkManager.swift; sourceTree = "<group>"; };
		525B381926499D6500D63530 /* LeaderboardViewController.swift */ = {isa = PBXFileReference; lastKnownFileType = sourcecode.swift; path = LeaderboardViewController.swift; sourceTree = "<group>"; };
		525B381B2649A20A00D63530 /* LeaderboardResult.swift */ = {isa = PBXFileReference; lastKnownFileType = sourcecode.swift; name = LeaderboardResult.swift; path = QuizApp/model/LeaderboardResult.swift; sourceTree = SOURCE_ROOT; };
		525B381F2649A58100D63530 /* NetworkServiceProtocol.swift */ = {isa = PBXFileReference; lastKnownFileType = sourcecode.swift; path = NetworkServiceProtocol.swift; sourceTree = "<group>"; };
		528D6CAF262A24A500078921 /* QuizViewController.swift */ = {isa = PBXFileReference; lastKnownFileType = sourcecode.swift; path = QuizViewController.swift; sourceTree = "<group>"; };
		5291008E264EDCCD00E632F9 /* QuizPresenter.swift */ = {isa = PBXFileReference; lastKnownFileType = sourcecode.swift; path = QuizPresenter.swift; sourceTree = "<group>"; };
		52910090264EDD0E00E632F9 /* QuizViewDelegate.swift */ = {isa = PBXFileReference; lastKnownFileType = sourcecode.swift; path = QuizViewDelegate.swift; sourceTree = "<group>"; };
		52910094264EECEF00E632F9 /* QuizResultPresenter.swift */ = {isa = PBXFileReference; lastKnownFileType = sourcecode.swift; path = QuizResultPresenter.swift; sourceTree = "<group>"; };
		529C1ACC262B67790068F41F /* QuizQuestion.swift */ = {isa = PBXFileReference; lastKnownFileType = sourcecode.swift; path = QuizQuestion.swift; sourceTree = "<group>"; };
		529E1EDA262C320F00EBDAB3 /* AnswerButton.swift */ = {isa = PBXFileReference; lastKnownFileType = sourcecode.swift; path = AnswerButton.swift; sourceTree = "<group>"; };
		529E1EDC262C3C5F00EBDAB3 /* QuizResultViewController.swift */ = {isa = PBXFileReference; lastKnownFileType = sourcecode.swift; path = QuizResultViewController.swift; sourceTree = "<group>"; };
		52B41052261F8DAC0013422E /* QuizLoadingErrorComponent.swift */ = {isa = PBXFileReference; lastKnownFileType = sourcecode.swift; path = QuizLoadingErrorComponent.swift; sourceTree = "<group>"; };
		52BCA469262F65770005134C /* SettingsViewController.swift */ = {isa = PBXFileReference; lastKnownFileType = sourcecode.swift; path = SettingsViewController.swift; sourceTree = "<group>"; };
		52BCA46D262F708B0005134C /* TabBarController.swift */ = {isa = PBXFileReference; lastKnownFileType = sourcecode.swift; path = TabBarController.swift; sourceTree = "<group>"; };
		52C6FBEF264C0FC0007D84B3 /* QuizResult.swift */ = {isa = PBXFileReference; lastKnownFileType = sourcecode.swift; path = QuizResult.swift; sourceTree = "<group>"; };
		52C6FBF2264C135E007D84B3 /* Result.swift */ = {isa = PBXFileReference; lastKnownFileType = sourcecode.swift; path = Result.swift; sourceTree = "<group>"; };
		52C6FBF4264C13EB007D84B3 /* RequestError.swift */ = {isa = PBXFileReference; lastKnownFileType = sourcecode.swift; path = RequestError.swift; sourceTree = "<group>"; };
		52C6FBF9264C303C007D84B3 /* QuizzesDto.swift */ = {isa = PBXFileReference; lastKnownFileType = sourcecode.swift; path = QuizzesDto.swift; sourceTree = "<group>"; };
		52DFCC13264E6303005801AA /* ResponseCodeError.swift */ = {isa = PBXFileReference; lastKnownFileType = sourcecode.swift; path = ResponseCodeError.swift; sourceTree = "<group>"; };
		52DFCC17264E69C0005801AA /* LoginPresenter.swift */ = {isa = PBXFileReference; lastKnownFileType = sourcecode.swift; path = LoginPresenter.swift; sourceTree = "<group>"; };
		52DFCC19264E6B3F005801AA /* LoginViewDelegate.swift */ = {isa = PBXFileReference; lastKnownFileType = sourcecode.swift; path = LoginViewDelegate.swift; sourceTree = "<group>"; };
		52DFCC1C264E7492005801AA /* QuizzesViewDelegate.swift */ = {isa = PBXFileReference; lastKnownFileType = sourcecode.swift; path = QuizzesViewDelegate.swift; sourceTree = "<group>"; };
		52DFCC1E264E7517005801AA /* QuizzesPresenter.swift */ = {isa = PBXFileReference; lastKnownFileType = sourcecode.swift; path = QuizzesPresenter.swift; sourceTree = "<group>"; };
		52EB6A5A2630705800A3C189 /* CustomSectionHeader.swift */ = {isa = PBXFileReference; lastKnownFileType = sourcecode.swift; path = CustomSectionHeader.swift; sourceTree = "<group>"; };
		52F6C7F12621C53B0003AFA1 /* LevelRating.swift */ = {isa = PBXFileReference; lastKnownFileType = sourcecode.swift; path = LevelRating.swift; sourceTree = "<group>"; };
		BEF5C387EE323CF29BD97309 /* Pods-QuizApp.debug.xcconfig */ = {isa = PBXFileReference; includeInIndex = 1; lastKnownFileType = text.xcconfig; name = "Pods-QuizApp.debug.xcconfig"; path = "Target Support Files/Pods-QuizApp/Pods-QuizApp.debug.xcconfig"; sourceTree = "<group>"; };
		F5F9604FD4C92EE7C7F68015 /* Pods_QuizApp.framework */ = {isa = PBXFileReference; explicitFileType = wrapper.framework; includeInIndex = 0; path = Pods_QuizApp.framework; sourceTree = BUILT_PRODUCTS_DIR; };
/* End PBXFileReference section */

/* Begin PBXFrameworksBuildPhase section */
		522CA4CF26174960008BAE7B /* Frameworks */ = {
			isa = PBXFrameworksBuildPhase;
			buildActionMask = 2147483647;
			files = (
				41C5E738C7FED807FFFDD825 /* Pods_QuizApp.framework in Frameworks */,
			);
			runOnlyForDeploymentPostprocessing = 0;
		};
/* End PBXFrameworksBuildPhase section */

/* Begin PBXGroup section */
		33B7B04B8DC5DB0510AB8898 /* Frameworks */ = {
			isa = PBXGroup;
			children = (
				F5F9604FD4C92EE7C7F68015 /* Pods_QuizApp.framework */,
			);
			name = Frameworks;
			sourceTree = "<group>";
		};
		520317F52639E6690012EBAB /* coordinator */ = {
			isa = PBXGroup;
			children = (
				520317F62639E6950012EBAB /* AppRouterProtocol.swift */,
				520317F82639E75C0012EBAB /* AppRouter.swift */,
			);
			path = coordinator;
			sourceTree = "<group>";
		};
		520BFF5026529AC9007E9627 /* repository */ = {
			isa = PBXGroup;
			children = (
				520BFF5326529B17007E9627 /* sources */,
				520BFF5126529AF7007E9627 /* QuizRepository.swift */,
			);
			path = repository;
			sourceTree = "<group>";
		};
		520BFF5326529B17007E9627 /* sources */ = {
			isa = PBXGroup;
			children = (
				520BFF5426529B35007E9627 /* QuizDatabaseDataSource.swift */,
				520BFF5626529B4C007E9627 /* QuizNetworkDataSource.swift */,
			);
			path = sources;
			sourceTree = "<group>";
		};
		520BFF6026529F79007E9627 /* search */ = {
			isa = PBXGroup;
			children = (
				520BFF6126529F8B007E9627 /* SearchBarView.swift */,
			);
			path = search;
			sourceTree = "<group>";
		};
		52199697262731EB008478DA /* quiz */ = {
			isa = PBXGroup;
			children = (
				52EB6A5A2630705800A3C189 /* CustomSectionHeader.swift */,
				529C1ACB262B67520068F41F /* question */,
				52F6C7F12621C53B0003AFA1 /* LevelRating.swift */,
				52B41052261F8DAC0013422E /* QuizLoadingErrorComponent.swift */,
				5243C0C82618DD7E00194D35 /* QuizTableCell.swift */,
				5219969826273241008478DA /* NoQuizLoadedComponent.swift */,
				5219969C26274892008478DA /* QuizCollection.swift */,
			);
			path = quiz;
			sourceTree = "<group>";
		};
		522CA4C926174960008BAE7B = {
			isa = PBXGroup;
			children = (
				522CA4D426174960008BAE7B /* QuizApp */,
				522CA4D326174960008BAE7B /* Products */,
				565DAAEACC28AA51FC137DBB /* Pods */,
				33B7B04B8DC5DB0510AB8898 /* Frameworks */,
			);
			sourceTree = "<group>";
		};
		522CA4D326174960008BAE7B /* Products */ = {
			isa = PBXGroup;
			children = (
				522CA4D226174960008BAE7B /* QuizApp.app */,
			);
			name = Products;
			sourceTree = "<group>";
		};
		522CA4D426174960008BAE7B /* QuizApp */ = {
			isa = PBXGroup;
			children = (
				520BFF5026529AC9007E9627 /* repository */,
				52DFCC16264E6916005801AA /* presenter */,
				52DFCC15264E68B6005801AA /* view */,
				52C6FBF6264C2FB0007D84B3 /* dto */,
				525B381E2649A54500D63530 /* service */,
				522CA4EF26178578008BAE7B /* model */,
				522CA4EB26177FFE008BAE7B /* zadace */,
				522CA4D526174960008BAE7B /* AppDelegate.swift */,
				522CA4D726174960008BAE7B /* SceneDelegate.swift */,
				522CA4DE26174962008BAE7B /* Assets.xcassets */,
				522CA4E026174962008BAE7B /* LaunchScreen.storyboard */,
				522CA4E326174962008BAE7B /* Info.plist */,
			);
			path = QuizApp;
			sourceTree = "<group>";
		};
		522CA4EF26178578008BAE7B /* model */ = {
			isa = PBXGroup;
			children = (
				520BFF5E26529ED0007E9627 /* Question.swift */,
				520BFF5A26529E9E007E9627 /* Quiz.swift */,
				520BFF5B26529E9E007E9627 /* QuizCategory.swift */,
				525B381B2649A20A00D63530 /* LeaderboardResult.swift */,
				522CA4F0261785CD008BAE7B /* LoginStatus.swift */,
				522CA4F226178604008BAE7B /* Quiz.swift */,
				522CA4F426178660008BAE7B /* Question.swift */,
				522CA4F6261786A8008BAE7B /* QuizCategory.swift */,
			);
			path = model;
			sourceTree = "<group>";
		};
		5243C0C72618DD4A00194D35 /* components */ = {
			isa = PBXGroup;
			children = (
				520BFF6026529F79007E9627 /* search */,
				52199697262731EB008478DA /* quiz */,
				5256ADD8261B5BED006DE011 /* PasswordField.swift */,
				5219969A26273B83008478DA /* FunFactLabel.swift */,
				525B380D264980FF00D63530 /* NoInternetConnectionView.swift */,
			);
			path = components;
			sourceTree = "<group>";
		};
		525B380F264987C300D63530 /* reachability */ = {
			isa = PBXGroup;
			children = (
				525B381426498E5A00D63530 /* NetworkManager.swift */,
			);
			path = reachability;
			sourceTree = "<group>";
		};
		525B381E2649A54500D63530 /* service */ = {
			isa = PBXGroup;
			children = (
				52C6FBF1264C133D007D84B3 /* util */,
				525B380F264987C300D63530 /* reachability */,
				525B381F2649A58100D63530 /* NetworkServiceProtocol.swift */,
			);
			path = service;
			sourceTree = "<group>";
		};
		529C1ACB262B67520068F41F /* question */ = {
			isa = PBXGroup;
			children = (
				521142CB2635A9D3007ADF40 /* QuestionTrackerView.swift */,
				529C1ACC262B67790068F41F /* QuizQuestion.swift */,
				529E1EDA262C320F00EBDAB3 /* AnswerButton.swift */,
				521142CD2635CD2E007ADF40 /* QuizQuestionResponse.swift */,
			);
			path = question;
			sourceTree = "<group>";
		};
		52C6FBF1264C133D007D84B3 /* util */ = {
			isa = PBXGroup;
			children = (
				52C6FBF2264C135E007D84B3 /* Result.swift */,
				52C6FBF4264C13EB007D84B3 /* RequestError.swift */,
				52DFCC13264E6303005801AA /* ResponseCodeError.swift */,
			);
			path = util;
			sourceTree = "<group>";
		};
		52C6FBF6264C2FB0007D84B3 /* dto */ = {
			isa = PBXGroup;
			children = (
				52C6FBEF264C0FC0007D84B3 /* QuizResult.swift */,
				52C6FBF9264C303C007D84B3 /* QuizzesDto.swift */,
			);
			path = dto;
			sourceTree = "<group>";
		};
		52DFCC15264E68B6005801AA /* view */ = {
			isa = PBXGroup;
			children = (
				5243C0C72618DD4A00194D35 /* components */,
				522CA4E92617528D008BAE7B /* LoginViewController.swift */,
				5243C0C02618746300194D35 /* QuizzesViewController.swift */,
				528D6CAF262A24A500078921 /* QuizViewController.swift */,
				529E1EDC262C3C5F00EBDAB3 /* QuizResultViewController.swift */,
				52BCA469262F65770005134C /* SettingsViewController.swift */,
				52BCA46D262F708B0005134C /* TabBarController.swift */,
				525B381926499D6500D63530 /* LeaderboardViewController.swift */,
				520BFF5826529C43007E9627 /* SearchQuizViewController.swift */,
			);
			path = view;
			sourceTree = "<group>";
		};
		52DFCC16264E6916005801AA /* presenter */ = {
			isa = PBXGroup;
			children = (
				52DFCC1B264E7467005801AA /* delegates */,
				520317F52639E6690012EBAB /* coordinator */,
				52DFCC17264E69C0005801AA /* LoginPresenter.swift */,
				52DFCC1E264E7517005801AA /* QuizzesPresenter.swift */,
				5291008E264EDCCD00E632F9 /* QuizPresenter.swift */,
				52910094264EECEF00E632F9 /* QuizResultPresenter.swift */,
			);
			path = presenter;
			sourceTree = "<group>";
		};
		52DFCC1B264E7467005801AA /* delegates */ = {
			isa = PBXGroup;
			children = (
				52DFCC19264E6B3F005801AA /* LoginViewDelegate.swift */,
				52DFCC1C264E7492005801AA /* QuizzesViewDelegate.swift */,
				52910090264EDD0E00E632F9 /* QuizViewDelegate.swift */,
			);
			path = delegates;
			sourceTree = "<group>";
		};
		565DAAEACC28AA51FC137DBB /* Pods */ = {
			isa = PBXGroup;
			children = (
				BEF5C387EE323CF29BD97309 /* Pods-QuizApp.debug.xcconfig */,
				51F5B9844C7C7EDE09A8B67A /* Pods-QuizApp.release.xcconfig */,
			);
			path = Pods;
			sourceTree = "<group>";
		};
/* End PBXGroup section */

/* Begin PBXNativeTarget section */
		522CA4D126174960008BAE7B /* QuizApp */ = {
			isa = PBXNativeTarget;
			buildConfigurationList = 522CA4E626174962008BAE7B /* Build configuration list for PBXNativeTarget "QuizApp" */;
			buildPhases = (
				976119ABBAB633B2F34BCDAC /* [CP] Check Pods Manifest.lock */,
				522CA4CE26174960008BAE7B /* Sources */,
				522CA4CF26174960008BAE7B /* Frameworks */,
				522CA4D026174960008BAE7B /* Resources */,
			);
			buildRules = (
			);
			dependencies = (
			);
			name = QuizApp;
			productName = QuizApp;
			productReference = 522CA4D226174960008BAE7B /* QuizApp.app */;
			productType = "com.apple.product-type.application";
		};
/* End PBXNativeTarget section */

/* Begin PBXProject section */
		522CA4CA26174960008BAE7B /* Project object */ = {
			isa = PBXProject;
			attributes = {
				LastSwiftUpdateCheck = 1110;
				LastUpgradeCheck = 1110;
				ORGANIZATIONNAME = five;
				TargetAttributes = {
					522CA4D126174960008BAE7B = {
						CreatedOnToolsVersion = 11.1;
					};
				};
			};
			buildConfigurationList = 522CA4CD26174960008BAE7B /* Build configuration list for PBXProject "QuizApp" */;
			compatibilityVersion = "Xcode 9.3";
			developmentRegion = en;
			hasScannedForEncodings = 0;
			knownRegions = (
				en,
				Base,
			);
			mainGroup = 522CA4C926174960008BAE7B;
			productRefGroup = 522CA4D326174960008BAE7B /* Products */;
			projectDirPath = "";
			projectRoot = "";
			targets = (
				522CA4D126174960008BAE7B /* QuizApp */,
			);
		};
/* End PBXProject section */

/* Begin PBXResourcesBuildPhase section */
		522CA4D026174960008BAE7B /* Resources */ = {
			isa = PBXResourcesBuildPhase;
			buildActionMask = 2147483647;
			files = (
				522CA4E226174962008BAE7B /* LaunchScreen.storyboard in Resources */,
				522CA4DF26174962008BAE7B /* Assets.xcassets in Resources */,
				522CA4EC26177FFF008BAE7B /* zadace in Resources */,
			);
			runOnlyForDeploymentPostprocessing = 0;
		};
/* End PBXResourcesBuildPhase section */

/* Begin PBXShellScriptBuildPhase section */
		976119ABBAB633B2F34BCDAC /* [CP] Check Pods Manifest.lock */ = {
			isa = PBXShellScriptBuildPhase;
			buildActionMask = 2147483647;
			files = (
			);
			inputFileListPaths = (
			);
			inputPaths = (
				"${PODS_PODFILE_DIR_PATH}/Podfile.lock",
				"${PODS_ROOT}/Manifest.lock",
			);
			name = "[CP] Check Pods Manifest.lock";
			outputFileListPaths = (
			);
			outputPaths = (
				"$(DERIVED_FILE_DIR)/Pods-QuizApp-checkManifestLockResult.txt",
			);
			runOnlyForDeploymentPostprocessing = 0;
			shellPath = /bin/sh;
			shellScript = "diff \"${PODS_PODFILE_DIR_PATH}/Podfile.lock\" \"${PODS_ROOT}/Manifest.lock\" > /dev/null\nif [ $? != 0 ] ; then\n    # print error to STDERR\n    echo \"error: The sandbox is not in sync with the Podfile.lock. Run 'pod install' or update your CocoaPods installation.\" >&2\n    exit 1\nfi\n# This output is used by Xcode 'outputs' to avoid re-running this script phase.\necho \"SUCCESS\" > \"${SCRIPT_OUTPUT_FILE_0}\"\n";
			showEnvVarsInLog = 0;
		};
/* End PBXShellScriptBuildPhase section */

/* Begin PBXSourcesBuildPhase section */
		522CA4CE26174960008BAE7B /* Sources */ = {
			isa = PBXSourcesBuildPhase;
			buildActionMask = 2147483647;
			files = (
				520BFF5F26529ED0007E9627 /* Question.swift in Sources */,
				520BFF5C26529E9E007E9627 /* Quiz.swift in Sources */,
				520BFF5D26529E9E007E9627 /* QuizCategory.swift in Sources */,
				52910095264EECEF00E632F9 /* QuizResultPresenter.swift in Sources */,
				5256ADD9261B5BED006DE011 /* PasswordField.swift in Sources */,
				522CA4EA2617528D008BAE7B /* LoginViewController.swift in Sources */,
				520BFF5226529AF7007E9627 /* QuizRepository.swift in Sources */,
				520BFF6226529F8B007E9627 /* SearchBarView.swift in Sources */,
				520317F92639E75C0012EBAB /* AppRouter.swift in Sources */,
				5219969D26274892008478DA /* QuizCollection.swift in Sources */,
				525B381C2649A20A00D63530 /* LeaderboardResult.swift in Sources */,
				52C6FBF5264C13EB007D84B3 /* RequestError.swift in Sources */,
				5243C0C12618746300194D35 /* QuizzesViewController.swift in Sources */,
				52F6C7F22621C53B0003AFA1 /* LevelRating.swift in Sources */,
				528D6CB0262A24A600078921 /* QuizViewController.swift in Sources */,
				52C6FBF3264C135E007D84B3 /* Result.swift in Sources */,
				520BFF5926529C43007E9627 /* SearchQuizViewController.swift in Sources */,
				521142CE2635CD2E007ADF40 /* QuizQuestionResponse.swift in Sources */,
				52BCA46E262F708B0005134C /* TabBarController.swift in Sources */,
				525B381A26499D6600D63530 /* LeaderboardViewController.swift in Sources */,
				52DFCC1A264E6B3F005801AA /* LoginViewDelegate.swift in Sources */,
				5219969926273241008478DA /* NoQuizLoadedComponent.swift in Sources */,
				529E1EDB262C320F00EBDAB3 /* AnswerButton.swift in Sources */,
				5291008F264EDCCD00E632F9 /* QuizPresenter.swift in Sources */,
				52DFCC1D264E7492005801AA /* QuizzesViewDelegate.swift in Sources */,
				52910091264EDD0E00E632F9 /* QuizViewDelegate.swift in Sources */,
				522CA4D626174960008BAE7B /* AppDelegate.swift in Sources */,
				52BCA46A262F65770005134C /* SettingsViewController.swift in Sources */,
				525B38202649A58100D63530 /* NetworkServiceProtocol.swift in Sources */,
				525B381526498E5A00D63530 /* NetworkManager.swift in Sources */,
				52DFCC14264E6303005801AA /* ResponseCodeError.swift in Sources */,
				529C1ACD262B67790068F41F /* QuizQuestion.swift in Sources */,
				5219969B26273B83008478DA /* FunFactLabel.swift in Sources */,
				525B380E264980FF00D63530 /* NoInternetConnectionView.swift in Sources */,
				529E1EDD262C3C5F00EBDAB3 /* QuizResultViewController.swift in Sources */,
				52C6FBFA264C303C007D84B3 /* QuizzesDto.swift in Sources */,
				522CA4D826174960008BAE7B /* SceneDelegate.swift in Sources */,
				520317F72639E6950012EBAB /* AppRouterProtocol.swift in Sources */,
				52C6FBF0264C0FC0007D84B3 /* QuizResult.swift in Sources */,
				52EB6A5B2630705800A3C189 /* CustomSectionHeader.swift in Sources */,
				520BFF5526529B35007E9627 /* QuizDatabaseDataSource.swift in Sources */,
				52B41053261F8DAC0013422E /* QuizLoadingErrorComponent.swift in Sources */,
				52DFCC1F264E7517005801AA /* QuizzesPresenter.swift in Sources */,
				52DFCC18264E69C0005801AA /* LoginPresenter.swift in Sources */,
				521142CC2635A9D3007ADF40 /* QuestionTrackerView.swift in Sources */,
				520BFF5726529B4C007E9627 /* QuizNetworkDataSource.swift in Sources */,
				5243C0C92618DD7E00194D35 /* QuizTableCell.swift in Sources */,
			);
			runOnlyForDeploymentPostprocessing = 0;
		};
/* End PBXSourcesBuildPhase section */

/* Begin PBXVariantGroup section */
		522CA4E026174962008BAE7B /* LaunchScreen.storyboard */ = {
			isa = PBXVariantGroup;
			children = (
				522CA4E126174962008BAE7B /* Base */,
			);
			name = LaunchScreen.storyboard;
			sourceTree = "<group>";
		};
/* End PBXVariantGroup section */

/* Begin XCBuildConfiguration section */
		522CA4E426174962008BAE7B /* Debug */ = {
			isa = XCBuildConfiguration;
			buildSettings = {
				ALWAYS_SEARCH_USER_PATHS = NO;
				CLANG_ANALYZER_NONNULL = YES;
				CLANG_ANALYZER_NUMBER_OBJECT_CONVERSION = YES_AGGRESSIVE;
				CLANG_CXX_LANGUAGE_STANDARD = "gnu++14";
				CLANG_CXX_LIBRARY = "libc++";
				CLANG_ENABLE_MODULES = YES;
				CLANG_ENABLE_OBJC_ARC = YES;
				CLANG_ENABLE_OBJC_WEAK = YES;
				CLANG_WARN_BLOCK_CAPTURE_AUTORELEASING = YES;
				CLANG_WARN_BOOL_CONVERSION = YES;
				CLANG_WARN_COMMA = YES;
				CLANG_WARN_CONSTANT_CONVERSION = YES;
				CLANG_WARN_DEPRECATED_OBJC_IMPLEMENTATIONS = YES;
				CLANG_WARN_DIRECT_OBJC_ISA_USAGE = YES_ERROR;
				CLANG_WARN_DOCUMENTATION_COMMENTS = YES;
				CLANG_WARN_EMPTY_BODY = YES;
				CLANG_WARN_ENUM_CONVERSION = YES;
				CLANG_WARN_INFINITE_RECURSION = YES;
				CLANG_WARN_INT_CONVERSION = YES;
				CLANG_WARN_NON_LITERAL_NULL_CONVERSION = YES;
				CLANG_WARN_OBJC_IMPLICIT_RETAIN_SELF = YES;
				CLANG_WARN_OBJC_LITERAL_CONVERSION = YES;
				CLANG_WARN_OBJC_ROOT_CLASS = YES_ERROR;
				CLANG_WARN_RANGE_LOOP_ANALYSIS = YES;
				CLANG_WARN_STRICT_PROTOTYPES = YES;
				CLANG_WARN_SUSPICIOUS_MOVE = YES;
				CLANG_WARN_UNGUARDED_AVAILABILITY = YES_AGGRESSIVE;
				CLANG_WARN_UNREACHABLE_CODE = YES;
				CLANG_WARN__DUPLICATE_METHOD_MATCH = YES;
				COPY_PHASE_STRIP = NO;
				DEBUG_INFORMATION_FORMAT = dwarf;
				ENABLE_STRICT_OBJC_MSGSEND = YES;
				ENABLE_TESTABILITY = YES;
				GCC_C_LANGUAGE_STANDARD = gnu11;
				GCC_DYNAMIC_NO_PIC = NO;
				GCC_NO_COMMON_BLOCKS = YES;
				GCC_OPTIMIZATION_LEVEL = 0;
				GCC_PREPROCESSOR_DEFINITIONS = (
					"DEBUG=1",
					"$(inherited)",
				);
				GCC_WARN_64_TO_32_BIT_CONVERSION = YES;
				GCC_WARN_ABOUT_RETURN_TYPE = YES_ERROR;
				GCC_WARN_UNDECLARED_SELECTOR = YES;
				GCC_WARN_UNINITIALIZED_AUTOS = YES_AGGRESSIVE;
				GCC_WARN_UNUSED_FUNCTION = YES;
				GCC_WARN_UNUSED_VARIABLE = YES;
				IPHONEOS_DEPLOYMENT_TARGET = 13.1;
				MTL_ENABLE_DEBUG_INFO = INCLUDE_SOURCE;
				MTL_FAST_MATH = YES;
				ONLY_ACTIVE_ARCH = YES;
				SDKROOT = iphoneos;
				SWIFT_ACTIVE_COMPILATION_CONDITIONS = DEBUG;
				SWIFT_OPTIMIZATION_LEVEL = "-Onone";
			};
			name = Debug;
		};
		522CA4E526174962008BAE7B /* Release */ = {
			isa = XCBuildConfiguration;
			buildSettings = {
				ALWAYS_SEARCH_USER_PATHS = NO;
				CLANG_ANALYZER_NONNULL = YES;
				CLANG_ANALYZER_NUMBER_OBJECT_CONVERSION = YES_AGGRESSIVE;
				CLANG_CXX_LANGUAGE_STANDARD = "gnu++14";
				CLANG_CXX_LIBRARY = "libc++";
				CLANG_ENABLE_MODULES = YES;
				CLANG_ENABLE_OBJC_ARC = YES;
				CLANG_ENABLE_OBJC_WEAK = YES;
				CLANG_WARN_BLOCK_CAPTURE_AUTORELEASING = YES;
				CLANG_WARN_BOOL_CONVERSION = YES;
				CLANG_WARN_COMMA = YES;
				CLANG_WARN_CONSTANT_CONVERSION = YES;
				CLANG_WARN_DEPRECATED_OBJC_IMPLEMENTATIONS = YES;
				CLANG_WARN_DIRECT_OBJC_ISA_USAGE = YES_ERROR;
				CLANG_WARN_DOCUMENTATION_COMMENTS = YES;
				CLANG_WARN_EMPTY_BODY = YES;
				CLANG_WARN_ENUM_CONVERSION = YES;
				CLANG_WARN_INFINITE_RECURSION = YES;
				CLANG_WARN_INT_CONVERSION = YES;
				CLANG_WARN_NON_LITERAL_NULL_CONVERSION = YES;
				CLANG_WARN_OBJC_IMPLICIT_RETAIN_SELF = YES;
				CLANG_WARN_OBJC_LITERAL_CONVERSION = YES;
				CLANG_WARN_OBJC_ROOT_CLASS = YES_ERROR;
				CLANG_WARN_RANGE_LOOP_ANALYSIS = YES;
				CLANG_WARN_STRICT_PROTOTYPES = YES;
				CLANG_WARN_SUSPICIOUS_MOVE = YES;
				CLANG_WARN_UNGUARDED_AVAILABILITY = YES_AGGRESSIVE;
				CLANG_WARN_UNREACHABLE_CODE = YES;
				CLANG_WARN__DUPLICATE_METHOD_MATCH = YES;
				COPY_PHASE_STRIP = NO;
				DEBUG_INFORMATION_FORMAT = "dwarf-with-dsym";
				ENABLE_NS_ASSERTIONS = NO;
				ENABLE_STRICT_OBJC_MSGSEND = YES;
				GCC_C_LANGUAGE_STANDARD = gnu11;
				GCC_NO_COMMON_BLOCKS = YES;
				GCC_WARN_64_TO_32_BIT_CONVERSION = YES;
				GCC_WARN_ABOUT_RETURN_TYPE = YES_ERROR;
				GCC_WARN_UNDECLARED_SELECTOR = YES;
				GCC_WARN_UNINITIALIZED_AUTOS = YES_AGGRESSIVE;
				GCC_WARN_UNUSED_FUNCTION = YES;
				GCC_WARN_UNUSED_VARIABLE = YES;
				IPHONEOS_DEPLOYMENT_TARGET = 13.1;
				MTL_ENABLE_DEBUG_INFO = NO;
				MTL_FAST_MATH = YES;
				SDKROOT = iphoneos;
				SWIFT_COMPILATION_MODE = wholemodule;
				SWIFT_OPTIMIZATION_LEVEL = "-O";
				VALIDATE_PRODUCT = YES;
			};
			name = Release;
		};
		522CA4E726174962008BAE7B /* Debug */ = {
			isa = XCBuildConfiguration;
			baseConfigurationReference = BEF5C387EE323CF29BD97309 /* Pods-QuizApp.debug.xcconfig */;
			buildSettings = {
				ASSETCATALOG_COMPILER_APPICON_NAME = AppIcon;
				CODE_SIGN_STYLE = Automatic;
				INFOPLIST_FILE = QuizApp/Info.plist;
				LD_RUNPATH_SEARCH_PATHS = (
					"$(inherited)",
					"@executable_path/Frameworks",
				);
				PRODUCT_BUNDLE_IDENTIFIER = hr.fer.macuka.mihael.QuizApp;
				PRODUCT_NAME = "$(TARGET_NAME)";
				SWIFT_VERSION = 5.0;
				TARGETED_DEVICE_FAMILY = "1,2";
			};
			name = Debug;
		};
		522CA4E826174962008BAE7B /* Release */ = {
			isa = XCBuildConfiguration;
			baseConfigurationReference = 51F5B9844C7C7EDE09A8B67A /* Pods-QuizApp.release.xcconfig */;
			buildSettings = {
				ASSETCATALOG_COMPILER_APPICON_NAME = AppIcon;
				CODE_SIGN_STYLE = Automatic;
				INFOPLIST_FILE = QuizApp/Info.plist;
				LD_RUNPATH_SEARCH_PATHS = (
					"$(inherited)",
					"@executable_path/Frameworks",
				);
				PRODUCT_BUNDLE_IDENTIFIER = hr.fer.macuka.mihael.QuizApp;
				PRODUCT_NAME = "$(TARGET_NAME)";
				SWIFT_VERSION = 5.0;
				TARGETED_DEVICE_FAMILY = "1,2";
			};
			name = Release;
		};
/* End XCBuildConfiguration section */

/* Begin XCConfigurationList section */
		522CA4CD26174960008BAE7B /* Build configuration list for PBXProject "QuizApp" */ = {
			isa = XCConfigurationList;
			buildConfigurations = (
				522CA4E426174962008BAE7B /* Debug */,
				522CA4E526174962008BAE7B /* Release */,
			);
			defaultConfigurationIsVisible = 0;
			defaultConfigurationName = Release;
		};
		522CA4E626174962008BAE7B /* Build configuration list for PBXNativeTarget "QuizApp" */ = {
			isa = XCConfigurationList;
			buildConfigurations = (
				522CA4E726174962008BAE7B /* Debug */,
				522CA4E826174962008BAE7B /* Release */,
			);
			defaultConfigurationIsVisible = 0;
			defaultConfigurationName = Release;
		};
/* End XCConfigurationList section */
	};
	rootObject = 522CA4CA26174960008BAE7B /* Project object */;
}
